
Microsoft Visual Studio Solution File, Format Version 12.00
# Visual Studio 15
VisualStudioVersion = 15.0.28307.329
MinimumVisualStudioVersion = 10.0.40219.1
Project("{9A19103F-16F7-4668-BE54-9A1E7A4F7556}") = "Decoder", "Decoder\Decoder.csproj", "{202A3EDC-6065-4B59-A2AF-E8AC11C71D3F}"
EndProject
Project("{FAE04EC0-301F-11D3-BF4B-00C04F79EFBC}") = "UnitTest", "UnitTest\UnitTest.csproj", "{4D3A395C-B183-46E8-8194-1F21BEFAFF22}"
EndProject
Global
	GlobalSection(SolutionConfigurationPlatforms) = preSolution
		Debug|Any CPU = Debug|Any CPU
		Release|Any CPU = Release|Any CPU
	EndGlobalSection
	GlobalSection(ProjectConfigurationPlatforms) = postSolution
		{202A3EDC-6065-4B59-A2AF-E8AC11C71D3F}.Debug|Any CPU.ActiveCfg = Debug|Any CPU
		{202A3EDC-6065-4B59-A2AF-E8AC11C71D3F}.Debug|Any CPU.Build.0 = Debug|Any CPU
		{202A3EDC-6065-4B59-A2AF-E8AC11C71D3F}.Release|Any CPU.ActiveCfg = Release|Any CPU
		{202A3EDC-6065-4B59-A2AF-E8AC11C71D3F}.Release|Any CPU.Build.0 = Release|Any CPU
		{4D3A395C-B183-46E8-8194-1F21BEFAFF22}.Debug|Any CPU.ActiveCfg = Debug|Any CPU
		{4D3A395C-B183-46E8-8194-1F21BEFAFF22}.Debug|Any CPU.Build.0 = Debug|Any CPU
		{4D3A395C-B183-46E8-8194-1F21BEFAFF22}.Release|Any CPU.ActiveCfg = Release|Any CPU
		{4D3A395C-B183-46E8-8194-1F21BEFAFF22}.Release|Any CPU.Build.0 = Release|Any CPU
	EndGlobalSection
	GlobalSection(SolutionProperties) = preSolution
		HideSolutionNode = FALSE
	EndGlobalSection
	GlobalSection(ExtensibilityGlobals) = postSolution
		SolutionGuid = {03BA175F-A995-4EB4-8D5A-014D2B1717EA}
	EndGlobalSection
EndGlobal
